
Microsoft Visual Studio Solution File, Format Version 12.00
# Visual Studio 14
VisualStudioVersion = 14.0.23107.0
MinimumVisualStudioVersion = 10.0.40219.1
Project("{FAE04EC0-301F-11D3-BF4B-00C04F79EFBC}") = "JSharpWolf.PerformantCollections.DevUi", "JSharpWolf.PerformantCollections.DevUi\JSharpWolf.PerformantCollections.DevUi.csproj", "{8FCFC6E1-F824-4C8E-AF7F-2EB07CD386D1}"
EndProject
Project("{FAE04EC0-301F-11D3-BF4B-00C04F79EFBC}") = "JSharpWolf.PerformantCollections", "JSharpWolf.PerformantCollections\JSharpWolf.PerformantCollections.csproj", "{6F943F61-2ED3-4951-A23F-A71DB331776D}"
EndProject
Global
	GlobalSection(SolutionConfigurationPlatforms) = preSolution
		Debug|Any CPU = Debug|Any CPU
		Release|Any CPU = Release|Any CPU
	EndGlobalSection
	GlobalSection(ProjectConfigurationPlatforms) = postSolution
		{8FCFC6E1-F824-4C8E-AF7F-2EB07CD386D1}.Debug|Any CPU.ActiveCfg = Debug|Any CPU
		{8FCFC6E1-F824-4C8E-AF7F-2EB07CD386D1}.Debug|Any CPU.Build.0 = Debug|Any CPU
		{8FCFC6E1-F824-4C8E-AF7F-2EB07CD386D1}.Release|Any CPU.ActiveCfg = Release|Any CPU
		{8FCFC6E1-F824-4C8E-AF7F-2EB07CD386D1}.Release|Any CPU.Build.0 = Release|Any CPU
		{6F943F61-2ED3-4951-A23F-A71DB331776D}.Debug|Any CPU.ActiveCfg = Debug|Any CPU
		{6F943F61-2ED3-4951-A23F-A71DB331776D}.Debug|Any CPU.Build.0 = Debug|Any CPU
		{6F943F61-2ED3-4951-A23F-A71DB331776D}.Release|Any CPU.ActiveCfg = Release|Any CPU
		{6F943F61-2ED3-4951-A23F-A71DB331776D}.Release|Any CPU.Build.0 = Release|Any CPU
	EndGlobalSection
	GlobalSection(SolutionProperties) = preSolution
		HideSolutionNode = FALSE
	EndGlobalSection
EndGlobal
